
Microsoft Visual Studio Solution File, Format Version 12.00
# Visual Studio Version 16
VisualStudioVersion = 16.0.35229.62
MinimumVisualStudioVersion = 10.0.40219.1
Project("{FAE04EC0-301F-11D3-BF4B-00C04F79EFBC}") = "Mca_Student_Admission_App", "Mca_Student_Admission_App.csproj", "{232AA965-ECAE-47C8-8A2F-FC2410DE99BF}"
EndProject
Global
	GlobalSection(SolutionConfigurationPlatforms) = preSolution
		Debug|Any CPU = Debug|Any CPU
		Release|Any CPU = Release|Any CPU
	EndGlobalSection
	GlobalSection(ProjectConfigurationPlatforms) = postSolution
		{232AA965-ECAE-47C8-8A2F-FC2410DE99BF}.Debug|Any CPU.ActiveCfg = Debug|Any CPU
		{232AA965-ECAE-47C8-8A2F-FC2410DE99BF}.Debug|Any CPU.Build.0 = Debug|Any CPU
		{232AA965-ECAE-47C8-8A2F-FC2410DE99BF}.Release|Any CPU.ActiveCfg = Release|Any CPU
		{232AA965-ECAE-47C8-8A2F-FC2410DE99BF}.Release|Any CPU.Build.0 = Release|Any CPU
	EndGlobalSection
	GlobalSection(SolutionProperties) = preSolution
		HideSolutionNode = FALSE
	EndGlobalSection
	GlobalSection(ExtensibilityGlobals) = postSolution
		SolutionGuid = {00C0AED4-C5C9-498E-8827-4E17B7711CF5}
	EndGlobalSection
EndGlobal
