
Microsoft Visual Studio Solution File, Format Version 12.00
# Visual Studio Version 16
VisualStudioVersion = 16.0.35229.62
MinimumVisualStudioVersion = 10.0.40219.1
Project("{FAE04EC0-301F-11D3-BF4B-00C04F79EFBC}") = "Employee_Details_Information_App", "Employee_Details_Information_App.csproj", "{B34C61D9-78A9-4A6F-B57E-41BC0D4481F5}"
EndProject
Global
	GlobalSection(SolutionConfigurationPlatforms) = preSolution
		Debug|Any CPU = Debug|Any CPU
		Release|Any CPU = Release|Any CPU
	EndGlobalSection
	GlobalSection(ProjectConfigurationPlatforms) = postSolution
		{B34C61D9-78A9-4A6F-B57E-41BC0D4481F5}.Debug|Any CPU.ActiveCfg = Debug|Any CPU
		{B34C61D9-78A9-4A6F-B57E-41BC0D4481F5}.Debug|Any CPU.Build.0 = Debug|Any CPU
		{B34C61D9-78A9-4A6F-B57E-41BC0D4481F5}.Release|Any CPU.ActiveCfg = Release|Any CPU
		{B34C61D9-78A9-4A6F-B57E-41BC0D4481F5}.Release|Any CPU.Build.0 = Release|Any CPU
	EndGlobalSection
	GlobalSection(SolutionProperties) = preSolution
		HideSolutionNode = FALSE
	EndGlobalSection
	GlobalSection(ExtensibilityGlobals) = postSolution
		SolutionGuid = {AA28DDC0-D8E4-470E-9B6E-58E879795306}
	EndGlobalSection
EndGlobal
